{
  "name": "loop-test",
  "version": "0.0.1",
  "lockfileVersion": 1,
  "requires": true,
  "dependencies": {
    "@ethersproject/bytes": {
      "version": "5.0.10",
      "resolved": "https://registry.npmjs.org/@ethersproject/bytes/-/bytes-5.0.10.tgz",
      "integrity": "sha512-vpu0v1LZ1j1s9kERQIMnVU69MyHEzUff7nqK9XuCU4vx+AM8n9lU2gj7jtJIvGSt9HzatK/6I6bWusI5nyuaTA==",
      "requires": {
        "@ethersproject/logger": "^5.0.8"
      }
    },
    "@ethersproject/keccak256": {
      "version": "5.0.7",
      "resolved": "https://registry.npmjs.org/@ethersproject/keccak256/-/keccak256-5.0.7.tgz",
      "integrity": "sha512-zpUBmofWvx9PGfc7IICobgFQSgNmTOGTGLUxSYqZzY/T+b4y/2o5eqf/GGmD7qnTGzKQ42YlLNo+LeDP2qe55g==",
      "requires": {
        "@ethersproject/bytes": "^5.0.9",
        "js-sha3": "0.5.7"
      }
    },
    "@ethersproject/logger": {
      "version": "5.0.9",
      "resolved": "https://registry.npmjs.org/@ethersproject/logger/-/logger-5.0.9.tgz",
      "integrity": "sha512-kV3Uamv3XOH99Xf3kpIG3ZkS7mBNYcLDM00JSDtNgNB4BihuyxpQzIZPRIDmRi+95Z/R1Bb0X2kUNHa/kJoVrw=="
    },
    "axios": {
      "version": "0.21.1",
      "resolved": "https://registry.npmjs.org/axios/-/axios-0.21.1.tgz",
      "integrity": "sha512-dKQiRHxGD9PPRIUNIWvZhPTPpl1rf/OxTYKsqKUDjBwYylTvV7SjSHJb9ratfyzM6wCdLCOYLzs73qpg5c4iGA==",
      "requires": {
        "follow-redirects": "^1.10.0"
      }
    },
    "bigi": {
      "version": "1.4.2",
      "resolved": "https://registry.npmjs.org/bigi/-/bigi-1.4.2.tgz",
      "integrity": "sha1-nGZalfiLiwj8Bc/XMfVhhZ1yWCU="
    },
    "bignumber.js": {
      "version": "7.0.2",
      "resolved": "https://registry.npmjs.org/bignumber.js/-/bignumber.js-7.0.2.tgz",
      "integrity": "sha512-TosM7Yg1Ux0ZCNwwS/tW95r3q9xIZstgsUGKWaez0Cgq8Oy3qia9RGvyG/fbxlQAvigjza1d057QNQLGvYXCeg=="
    },
    "blindsecp256k1": {
      "version": "0.0.6",
      "resolved": "https://registry.npmjs.org/blindsecp256k1/-/blindsecp256k1-0.0.6.tgz",
      "integrity": "sha512-M+QV0G6h5FIR0eqiRkW3DySMoDoobHkr8Zrcx1kLxuvbpZaBI5NL60LI3c600TaHz4TuEJB2C2BdDWsA6JYl4w==",
      "requires": {
        "@ethersproject/keccak256": "5.0.7",
        "bigi": "^1.4.2",
        "bignumber.js": "7.0.2",
        "ecurve": "1.0.0"
      }
    },
    "ecurve": {
      "version": "1.0.0",
      "resolved": "https://registry.npmjs.org/ecurve/-/ecurve-1.0.0.tgz",
      "integrity": "sha1-Ms/Vzl9CHpNRIGoz1OPP0280ZaQ=",
      "requires": {
        "bigi": "^1.1.0"
      }
    },
    "follow-redirects": {
      "version": "1.13.2",
      "resolved": "https://registry.npmjs.org/follow-redirects/-/follow-redirects-1.13.2.tgz",
      "integrity": "sha512-6mPTgLxYm3r6Bkkg0vNM0HTjfGrOEtsfbhagQvbxDEsEkpNhw582upBaoRZylzen6krEmxXJgt9Ju6HiI4O7BA=="
    },
    "js-sha3": {
      "version": "0.5.7",
      "resolved": "https://registry.npmjs.org/js-sha3/-/js-sha3-0.5.7.tgz",
      "integrity": "sha1-DU/9gALVMzqrr0oj7tL2N0yfKOc="
    }
  }
}
